
Microsoft Visual Studio Solution File, Format Version 12.00
# Visual Studio Version 17
VisualStudioVersion = 17.6.33829.357
MinimumVisualStudioVersion = 10.0.40219.1
Project("{FAE04EC0-301F-11D3-BF4B-00C04F79EFBC}") = "AILR1", "AILR1\AILR1.csproj", "{B3D90118-448A-44C6-9401-106A93F5AF91}"
EndProject
Global
	GlobalSection(SolutionConfigurationPlatforms) = preSolution
		Debug|Any CPU = Debug|Any CPU
		Release|Any CPU = Release|Any CPU
	EndGlobalSection
	GlobalSection(ProjectConfigurationPlatforms) = postSolution
		{B3D90118-448A-44C6-9401-106A93F5AF91}.Debug|Any CPU.ActiveCfg = Debug|Any CPU
		{B3D90118-448A-44C6-9401-106A93F5AF91}.Debug|Any CPU.Build.0 = Debug|Any CPU
		{B3D90118-448A-44C6-9401-106A93F5AF91}.Release|Any CPU.ActiveCfg = Release|Any CPU
		{B3D90118-448A-44C6-9401-106A93F5AF91}.Release|Any CPU.Build.0 = Release|Any CPU
	EndGlobalSection
	GlobalSection(SolutionProperties) = preSolution
		HideSolutionNode = FALSE
	EndGlobalSection
	GlobalSection(ExtensibilityGlobals) = postSolution
		SolutionGuid = {4D8B5006-5FFD-4702-901C-96970CB7A5CD}
	EndGlobalSection
EndGlobal
